{
  "name": "bulma-portfolio",
  "version": "1.0.0",
  "lockfileVersion": 1,
  "requires": true,
  "dependencies": {
    "bulmaswatch": {
      "version": "0.7.2",
      "resolved": "https://registry.npmjs.org/bulmaswatch/-/bulmaswatch-0.7.2.tgz",
      "integrity": "sha512-qickVpky/vv/PX/G7DVz1UpYPncJIjoxbovVELf48tgZ7Fd8UAzfWLSzniPWHwPt1YAq/UX9CGTtcl0AbxSMYg=="
    }
  }
}
